PODS:
  - RCSceneCallKit (0.0.2):
    - RongCloudOpenSource/IMKit
    - RongCloudRTC/RongCallLib
  - RongCloudIM/ChatRoom (5.2.4):
    - RongCloudIM/IMLibCore
  - RongCloudIM/CustomerService (5.2.4):
    - RongCloudIM/IMLibCore
  - RongCloudIM/Discussion (5.2.4):
    - RongCloudIM/IMLibCore
  - RongCloudIM/IMLib (5.2.4):
    - RongCloudIM/ChatRoom
    - RongCloudIM/CustomerService
    - RongCloudIM/Discussion
    - RongCloudIM/IMLibCore
    - RongCloudIM/Location
    - RongCloudIM/PublicService
  - RongCloudIM/IMLibCore (5.2.4)
  - RongCloudIM/Location (5.2.4):
    - RongCloudIM/IMLibCore
  - RongCloudIM/PublicService (5.2.4):
    - RongCloudIM/IMLibCore
  - RongCloudOpenSource/IMKit (5.2.4):
    - RongCloudIM/IMLib (= 5.2.4)
  - RongCloudRTC/RongCallLib (5.2.4.1):
    - RongCloudRTC/RongRTCLib
  - RongCloudRTC/RongRTCLib (5.2.4.1):
    - RongCloudIM/IMLibCore (>= 5.1.4)

DEPENDENCIES:
  - RCSceneCallKit (from `../`)

SPEC REPOS:
  trunk:
    - RongCloudIM
    - RongCloudOpenSource
    - RongCloudRTC

EXTERNAL SOURCES:
  RCSceneCallKit:
    :path: "../"

SPEC CHECKSUMS:
  RCSceneCallKit: ef53447c69e30cb2c0ef9ce7fb2d6284dc2cf9aa
  RongCloudIM: 09269332ab90c9a8d966f38b25410c8d2629eee6
  RongCloudOpenSource: eaafe743b1b7b848b2e306560330d3a4af065a82
  RongCloudRTC: 0fc0eb904bd77841701c6bc6afd7b076262615ef

PODFILE CHECKSUM: 64d634d7c297e864157819600fa7b276e1a9a5aa

COCOAPODS: 1.11.3
