// !$*UTF8*$!
{
	archiveVersion = 1;
	classes = {
	};
	objectVersion = 55;
	objects = {

/* Begin PBXBuildFile section */
		2DA776D5BFB4C74EF4F13F5C /* Pods_RCSceneCallKitDemo.framework in Frameworks */ = {isa = PBXBuildFile; fileRef = 9818203D48F04DFDB4478F34 /* Pods_RCSceneCallKitDemo.framework */; };
		D735B22027E4B1FF00EF74B3 /* AppDelegate.swift in Sources */ = {isa = PBXBuildFile; fileRef = D735B21F27E4B1FF00EF74B3 /* AppDelegate.swift */; };
		D735B22227E4B1FF00EF74B3 /* SceneDelegate.swift in Sources */ = {isa = PBXBuildFile; fileRef = D735B22127E4B1FF00EF74B3 /* SceneDelegate.swift */; };
		D735B22427E4B1FF00EF74B3 /* ViewController.swift in Sources */ = {isa = PBXBuildFile; fileRef = D735B22327E4B1FF00EF74B3 /* ViewController.swift */; };
		D735B22727E4B1FF00EF74B3 /* Main.storyboard in Resources */ = {isa = PBXBuildFile; fileRef = D735B22527E4B1FF00EF74B3 /* Main.storyboard */; };
		D735B22927E4B20100EF74B3 /* Assets.xcassets in Resources */ = {isa = PBXBuildFile; fileRef = D735B22827E4B20100EF74B3 /* Assets.xcassets */; };
		D735B22C27E4B20100EF74B3 /* LaunchScreen.storyboard in Resources */ = {isa = PBXBuildFile; fileRef = D735B22A27E4B20100EF74B3 /* LaunchScreen.storyboard */; };
/* End PBXBuildFile section */

/* Begin PBXFileReference section */
		092F4BFF5B1EED86314DB8DE /* Pods-RCSceneCallKitDemo.release.xcconfig */ = {isa = PBXFileReference; includeInIndex = 1; lastKnownFileType = text.xcconfig; name = "Pods-RCSceneCallKitDemo.release.xcconfig"; path = "Target Support Files/Pods-RCSceneCallKitDemo/Pods-RCSceneCallKitDemo.release.xcconfig"; sourceTree = "<group>"; };
		52924724DF353223961D68ED /* Pods-RCSceneCallKitDemo.debug.xcconfig */ = {isa = PBXFileReference; includeInIndex = 1; lastKnownFileType = text.xcconfig; name = "Pods-RCSceneCallKitDemo.debug.xcconfig"; path = "Target Support Files/Pods-RCSceneCallKitDemo/Pods-RCSceneCallKitDemo.debug.xcconfig"; sourceTree = "<group>"; };
		9818203D48F04DFDB4478F34 /* Pods_RCSceneCallKitDemo.framework */ = {isa = PBXFileReference; explicitFileType = wrapper.framework; includeInIndex = 0; path = Pods_RCSceneCallKitDemo.framework; sourceTree = BUILT_PRODUCTS_DIR; };
		D735B21C27E4B1FF00EF74B3 /* RCSceneCallKitDemo.app */ = {isa = PBXFileReference; explicitFileType = wrapper.application; includeInIndex = 0; path = RCSceneCallKitDemo.app; sourceTree = BUILT_PRODUCTS_DIR; };
		D735B21F27E4B1FF00EF74B3 /* AppDelegate.swift */ = {isa = PBXFileReference; lastKnownFileType = sourcecode.swift; path = AppDelegate.swift; sourceTree = "<group>"; };
		D735B22127E4B1FF00EF74B3 /* SceneDelegate.swift */ = {isa = PBXFileReference; lastKnownFileType = sourcecode.swift; path = SceneDelegate.swift; sourceTree = "<group>"; };
		D735B22327E4B1FF00EF74B3 /* ViewController.swift */ = {isa = PBXFileReference; lastKnownFileType = sourcecode.swift; path = ViewController.swift; sourceTree = "<group>"; };
		D735B22627E4B1FF00EF74B3 /* Base */ = {isa = PBXFileReference; lastKnownFileType = file.storyboard; name = Base; path = Base.lproj/Main.storyboard; sourceTree = "<group>"; };
		D735B22827E4B20100EF74B3 /* Assets.xcassets */ = {isa = PBXFileReference; lastKnownFileType = folder.assetcatalog; path = Assets.xcassets; sourceTree = "<group>"; };
		D735B22B27E4B20100EF74B3 /* Base */ = {isa = PBXFileReference; lastKnownFileType = file.storyboard; name = Base; path = Base.lproj/LaunchScreen.storyboard; sourceTree = "<group>"; };
		D735B22D27E4B20100EF74B3 /* Info.plist */ = {isa = PBXFileReference; lastKnownFileType = text.plist.xml; path = Info.plist; sourceTree = "<group>"; };
/* End PBXFileReference section */

/* Begin PBXFrameworksBuildPhase section */
		D735B21927E4B1FF00EF74B3 /* Frameworks */ = {
			isa = PBXFrameworksBuildPhase;
			buildActionMask = 2147483647;
			files = (
				2DA776D5BFB4C74EF4F13F5C /* Pods_RCSceneCallKitDemo.framework in Frameworks */,
			);
			runOnlyForDeploymentPostprocessing = 0;
		};
/* End PBXFrameworksBuildPhase section */

/* Begin PBXGroup section */
		41A0EFFB881A78AB106407E4 /* Pods */ = {
			isa = PBXGroup;
			children = (
				52924724DF353223961D68ED /* Pods-RCSceneCallKitDemo.debug.xcconfig */,
				092F4BFF5B1EED86314DB8DE /* Pods-RCSceneCallKitDemo.release.xcconfig */,
			);
			name = Pods;
			path = Pods;
			sourceTree = "<group>";
		};
		D735B21327E4B1FF00EF74B3 = {
			isa = PBXGroup;
			children = (
				D735B21E27E4B1FF00EF74B3 /* RCSceneCallKitDemo */,
				D735B21D27E4B1FF00EF74B3 /* Products */,
				41A0EFFB881A78AB106407E4 /* Pods */,
				F5FEB9204D6AFFA83A9E1D41 /* Frameworks */,
			);
			sourceTree = "<group>";
		};
		D735B21D27E4B1FF00EF74B3 /* Products */ = {
			isa = PBXGroup;
			children = (
				D735B21C27E4B1FF00EF74B3 /* RCSceneCallKitDemo.app */,
			);
			name = Products;
			sourceTree = "<group>";
		};
		D735B21E27E4B1FF00EF74B3 /* RCSceneCallKitDemo */ = {
			isa = PBXGroup;
			children = (
				D735B21F27E4B1FF00EF74B3 /* AppDelegate.swift */,
				D735B22127E4B1FF00EF74B3 /* SceneDelegate.swift */,
				D735B22327E4B1FF00EF74B3 /* ViewController.swift */,
				D735B22527E4B1FF00EF74B3 /* Main.storyboard */,
				D735B22827E4B20100EF74B3 /* Assets.xcassets */,
				D735B22A27E4B20100EF74B3 /* LaunchScreen.storyboard */,
				D735B22D27E4B20100EF74B3 /* Info.plist */,
			);
			path = RCSceneCallKitDemo;
			sourceTree = "<group>";
		};
		F5FEB9204D6AFFA83A9E1D41 /* Frameworks */ = {
			isa = PBXGroup;
			children = (
				9818203D48F04DFDB4478F34 /* Pods_RCSceneCallKitDemo.framework */,
			);
			name = Frameworks;
			sourceTree = "<group>";
		};
/* End PBXGroup section */

/* Begin PBXNativeTarget section */
		D735B21B27E4B1FF00EF74B3 /* RCSceneCallKitDemo */ = {
			isa = PBXNativeTarget;
			buildConfigurationList = D735B23027E4B20100EF74B3 /* Build configuration list for PBXNativeTarget "RCSceneCallKitDemo" */;
			buildPhases = (
				2C4AAC2265AA58114B72386F /* [CP] Check Pods Manifest.lock */,
				D735B21827E4B1FF00EF74B3 /* Sources */,
				D735B21927E4B1FF00EF74B3 /* Frameworks */,
				D735B21A27E4B1FF00EF74B3 /* Resources */,
				7403FE2CDEE63FC9354E34DF /* [CP] Embed Pods Frameworks */,
				AD7BFE8C32F7990599F6F35B /* [CP] Copy Pods Resources */,
			);
			buildRules = (
			);
			dependencies = (
			);
			name = RCSceneCallKitDemo;
			productName = RCSceneCallKitDemo;
			productReference = D735B21C27E4B1FF00EF74B3 /* RCSceneCallKitDemo.app */;
			productType = "com.apple.product-type.application";
		};
/* End PBXNativeTarget section */

/* Begin PBXProject section */
		D735B21427E4B1FF00EF74B3 /* Project object */ = {
			isa = PBXProject;
			attributes = {
				BuildIndependentTargetsInParallel = 1;
				LastSwiftUpdateCheck = 1330;
				LastUpgradeCheck = 1330;
				TargetAttributes = {
					D735B21B27E4B1FF00EF74B3 = {
						CreatedOnToolsVersion = 13.3;
					};
				};
			};
			buildConfigurationList = D735B21727E4B1FF00EF74B3 /* Build configuration list for PBXProject "RCSceneCallKitDemo" */;
			compatibilityVersion = "Xcode 13.0";
			developmentRegion = en;
			hasScannedForEncodings = 0;
			knownRegions = (
				en,
				Base,
			);
			mainGroup = D735B21327E4B1FF00EF74B3;
			productRefGroup = D735B21D27E4B1FF00EF74B3 /* Products */;
			projectDirPath = "";
			projectRoot = "";
			targets = (
				D735B21B27E4B1FF00EF74B3 /* RCSceneCallKitDemo */,
			);
		};
/* End PBXProject section */

/* Begin PBXResourcesBuildPhase section */
		D735B21A27E4B1FF00EF74B3 /* Resources */ = {
			isa = PBXResourcesBuildPhase;
			buildActionMask = 2147483647;
			files = (
				D735B22C27E4B20100EF74B3 /* LaunchScreen.storyboard in Resources */,
				D735B22927E4B20100EF74B3 /* Assets.xcassets in Resources */,
				D735B22727E4B1FF00EF74B3 /* Main.storyboard in Resources */,
			);
			runOnlyForDeploymentPostprocessing = 0;
		};
/* End PBXResourcesBuildPhase section */

/* Begin PBXShellScriptBuildPhase section */
		2C4AAC2265AA58114B72386F /* [CP] Check Pods Manifest.lock */ = {
			isa = PBXShellScriptBuildPhase;
			buildActionMask = 2147483647;
			files = (
			);
			inputFileListPaths = (
			);
			inputPaths = (
				"${PODS_PODFILE_DIR_PATH}/Podfile.lock",
				"${PODS_ROOT}/Manifest.lock",
			);
			name = "[CP] Check Pods Manifest.lock";
			outputFileListPaths = (
			);
			outputPaths = (
				"$(DERIVED_FILE_DIR)/Pods-RCSceneCallKitDemo-checkManifestLockResult.txt",
			);
			runOnlyForDeploymentPostprocessing = 0;
			shellPath = /bin/sh;
			shellScript = "diff \"${PODS_PODFILE_DIR_PATH}/Podfile.lock\" \"${PODS_ROOT}/Manifest.lock\" > /dev/null\nif [ $? != 0 ] ; then\n    # print error to STDERR\n    echo \"error: The sandbox is not in sync with the Podfile.lock. Run 'pod install' or update your CocoaPods installation.\" >&2\n    exit 1\nfi\n# This output is used by Xcode 'outputs' to avoid re-running this script phase.\necho \"SUCCESS\" > \"${SCRIPT_OUTPUT_FILE_0}\"\n";
			showEnvVarsInLog = 0;
		};
		7403FE2CDEE63FC9354E34DF /* [CP] Embed Pods Frameworks */ = {
			isa = PBXShellScriptBuildPhase;
			buildActionMask = 2147483647;
			files = (
			);
			inputFileListPaths = (
				"${PODS_ROOT}/Target Support Files/Pods-RCSceneCallKitDemo/Pods-RCSceneCallKitDemo-frameworks-${CONFIGURATION}-input-files.xcfilelist",
			);
			name = "[CP] Embed Pods Frameworks";
			outputFileListPaths = (
				"${PODS_ROOT}/Target Support Files/Pods-RCSceneCallKitDemo/Pods-RCSceneCallKitDemo-frameworks-${CONFIGURATION}-output-files.xcfilelist",
			);
			runOnlyForDeploymentPostprocessing = 0;
			shellPath = /bin/sh;
			shellScript = "\"${PODS_ROOT}/Target Support Files/Pods-RCSceneCallKitDemo/Pods-RCSceneCallKitDemo-frameworks.sh\"\n";
			showEnvVarsInLog = 0;
		};
		AD7BFE8C32F7990599F6F35B /* [CP] Copy Pods Resources */ = {
			isa = PBXShellScriptBuildPhase;
			buildActionMask = 2147483647;
			files = (
			);
			inputFileListPaths = (
				"${PODS_ROOT}/Target Support Files/Pods-RCSceneCallKitDemo/Pods-RCSceneCallKitDemo-resources-${CONFIGURATION}-input-files.xcfilelist",
			);
			name = "[CP] Copy Pods Resources";
			outputFileListPaths = (
				"${PODS_ROOT}/Target Support Files/Pods-RCSceneCallKitDemo/Pods-RCSceneCallKitDemo-resources-${CONFIGURATION}-output-files.xcfilelist",
			);
			runOnlyForDeploymentPostprocessing = 0;
			shellPath = /bin/sh;
			shellScript = "\"${PODS_ROOT}/Target Support Files/Pods-RCSceneCallKitDemo/Pods-RCSceneCallKitDemo-resources.sh\"\n";
			showEnvVarsInLog = 0;
		};
/* End PBXShellScriptBuildPhase section */

/* Begin PBXSourcesBuildPhase section */
		D735B21827E4B1FF00EF74B3 /* Sources */ = {
			isa = PBXSourcesBuildPhase;
			buildActionMask = 2147483647;
			files = (
				D735B22427E4B1FF00EF74B3 /* ViewController.swift in Sources */,
				D735B22027E4B1FF00EF74B3 /* AppDelegate.swift in Sources */,
				D735B22227E4B1FF00EF74B3 /* SceneDelegate.swift in Sources */,
			);
			runOnlyForDeploymentPostprocessing = 0;
		};
/* End PBXSourcesBuildPhase section */

/* Begin PBXVariantGroup section */
		D735B22527E4B1FF00EF74B3 /* Main.storyboard */ = {
			isa = PBXVariantGroup;
			children = (
				D735B22627E4B1FF00EF74B3 /* Base */,
			);
			name = Main.storyboard;
			sourceTree = "<group>";
		};
		D735B22A27E4B20100EF74B3 /* LaunchScreen.storyboard */ = {
			isa = PBXVariantGroup;
			children = (
				D735B22B27E4B20100EF74B3 /* Base */,
			);
			name = LaunchScreen.storyboard;
			sourceTree = "<group>";
		};
/* End PBXVariantGroup section */

/* Begin XCBuildConfiguration section */
		D735B22E27E4B20100EF74B3 /* Debug */ = {
			isa = XCBuildConfiguration;
			buildSettings = {
				ALWAYS_SEARCH_USER_PATHS = NO;
				CLANG_ANALYZER_NONNULL = YES;
				CLANG_ANALYZER_NUMBER_OBJECT_CONVERSION = YES_AGGRESSIVE;
				CLANG_CXX_LANGUAGE_STANDARD = "gnu++17";
				CLANG_ENABLE_MODULES = YES;
				CLANG_ENABLE_OBJC_ARC = YES;
				CLANG_ENABLE_OBJC_WEAK = YES;
				CLANG_WARN_BLOCK_CAPTURE_AUTORELEASING = YES;
				CLANG_WARN_BOOL_CONVERSION = YES;
				CLANG_WARN_COMMA = YES;
				CLANG_WARN_CONSTANT_CONVERSION = YES;
				CLANG_WARN_DEPRECATED_OBJC_IMPLEMENTATIONS = YES;
				CLANG_WARN_DIRECT_OBJC_ISA_USAGE = YES_ERROR;
				CLANG_WARN_DOCUMENTATION_COMMENTS = YES;
				CLANG_WARN_EMPTY_BODY = YES;
				CLANG_WARN_ENUM_CONVERSION = YES;
				CLANG_WARN_INFINITE_RECURSION = YES;
				CLANG_WARN_INT_CONVERSION = YES;
				CLANG_WARN_NON_LITERAL_NULL_CONVERSION = YES;
				CLANG_WARN_OBJC_IMPLICIT_RETAIN_SELF = YES;
				CLANG_WARN_OBJC_LITERAL_CONVERSION = YES;
				CLANG_WARN_OBJC_ROOT_CLASS = YES_ERROR;
				CLANG_WARN_QUOTED_INCLUDE_IN_FRAMEWORK_HEADER = YES;
				CLANG_WARN_RANGE_LOOP_ANALYSIS = YES;
				CLANG_WARN_STRICT_PROTOTYPES = YES;
				CLANG_WARN_SUSPICIOUS_MOVE = YES;
				CLANG_WARN_UNGUARDED_AVAILABILITY = YES_AGGRESSIVE;
				CLANG_WARN_UNREACHABLE_CODE = YES;
				CLANG_WARN__DUPLICATE_METHOD_MATCH = YES;
				COPY_PHASE_STRIP = NO;
				DEBUG_INFORMATION_FORMAT = dwarf;
				ENABLE_STRICT_OBJC_MSGSEND = YES;
				ENABLE_TESTABILITY = YES;
				GCC_C_LANGUAGE_STANDARD = gnu11;
				GCC_DYNAMIC_NO_PIC = NO;
				GCC_NO_COMMON_BLOCKS = YES;
				GCC_OPTIMIZATION_LEVEL = 0;
				GCC_PREPROCESSOR_DEFINITIONS = (
					"DEBUG=1",
					"$(inherited)",
				);
				GCC_WARN_64_TO_32_BIT_CONVERSION = YES;
				GCC_WARN_ABOUT_RETURN_TYPE = YES_ERROR;
				GCC_WARN_UNDECLARED_SELECTOR = YES;
				GCC_WARN_UNINITIALIZED_AUTOS = YES_AGGRESSIVE;
				GCC_WARN_UNUSED_FUNCTION = YES;
				GCC_WARN_UNUSED_VARIABLE = YES;
				IPHONEOS_DEPLOYMENT_TARGET = 15.4;
				MTL_ENABLE_DEBUG_INFO = INCLUDE_SOURCE;
				MTL_FAST_MATH = YES;
				ONLY_ACTIVE_ARCH = YES;
				SDKROOT = iphoneos;
				SWIFT_ACTIVE_COMPILATION_CONDITIONS = DEBUG;
				SWIFT_OPTIMIZATION_LEVEL = "-Onone";
			};
			name = Debug;
		};
		D735B22F27E4B20100EF74B3 /* Release */ = {
			isa = XCBuildConfiguration;
			buildSettings = {
				ALWAYS_SEARCH_USER_PATHS = NO;
				CLANG_ANALYZER_NONNULL = YES;
				CLANG_ANALYZER_NUMBER_OBJECT_CONVERSION = YES_AGGRESSIVE;
				CLANG_CXX_LANGUAGE_STANDARD = "gnu++17";
				CLANG_ENABLE_MODULES = YES;
				CLANG_ENABLE_OBJC_ARC = YES;
				CLANG_ENABLE_OBJC_WEAK = YES;
				CLANG_WARN_BLOCK_CAPTURE_AUTORELEASING = YES;
				CLANG_WARN_BOOL_CONVERSION = YES;
				CLANG_WARN_COMMA = YES;
				CLANG_WARN_CONSTANT_CONVERSION = YES;
				CLANG_WARN_DEPRECATED_OBJC_IMPLEMENTATIONS = YES;
				CLANG_WARN_DIRECT_OBJC_ISA_USAGE = YES_ERROR;
				CLANG_WARN_DOCUMENTATION_COMMENTS = YES;
				CLANG_WARN_EMPTY_BODY = YES;
				CLANG_WARN_ENUM_CONVERSION = YES;
				CLANG_WARN_INFINITE_RECURSION = YES;
				CLANG_WARN_INT_CONVERSION = YES;
				CLANG_WARN_NON_LITERAL_NULL_CONVERSION = YES;
				CLANG_WARN_OBJC_IMPLICIT_RETAIN_SELF = YES;
				CLANG_WARN_OBJC_LITERAL_CONVERSION = YES;
				CLANG_WARN_OBJC_ROOT_CLASS = YES_ERROR;
				CLANG_WARN_QUOTED_INCLUDE_IN_FRAMEWORK_HEADER = YES;
				CLANG_WARN_RANGE_LOOP_ANALYSIS = YES;
				CLANG_WARN_STRICT_PROTOTYPES = YES;
				CLANG_WARN_SUSPICIOUS_MOVE = YES;
				CLANG_WARN_UNGUARDED_AVAILABILITY = YES_AGGRESSIVE;
				CLANG_WARN_UNREACHABLE_CODE = YES;
				CLANG_WARN__DUPLICATE_METHOD_MATCH = YES;
				COPY_PHASE_STRIP = NO;
				DEBUG_INFORMATION_FORMAT = "dwarf-with-dsym";
				ENABLE_NS_ASSERTIONS = NO;
				ENABLE_STRICT_OBJC_MSGSEND = YES;
				GCC_C_LANGUAGE_STANDARD = gnu11;
				GCC_NO_COMMON_BLOCKS = YES;
				GCC_WARN_64_TO_32_BIT_CONVERSION = YES;
				GCC_WARN_ABOUT_RETURN_TYPE = YES_ERROR;
				GCC_WARN_UNDECLARED_SELECTOR = YES;
				GCC_WARN_UNINITIALIZED_AUTOS = YES_AGGRESSIVE;
				GCC_WARN_UNUSED_FUNCTION = YES;
				GCC_WARN_UNUSED_VARIABLE = YES;
				IPHONEOS_DEPLOYMENT_TARGET = 15.4;
				MTL_ENABLE_DEBUG_INFO = NO;
				MTL_FAST_MATH = YES;
				SDKROOT = iphoneos;
				SWIFT_COMPILATION_MODE = wholemodule;
				SWIFT_OPTIMIZATION_LEVEL = "-O";
				VALIDATE_PRODUCT = YES;
			};
			name = Release;
		};
		D735B23127E4B20100EF74B3 /* Debug */ = {
			isa = XCBuildConfiguration;
			baseConfigurationReference = 52924724DF353223961D68ED /* Pods-RCSceneCallKitDemo.debug.xcconfig */;
			buildSettings = {
				ASSETCATALOG_COMPILER_APPICON_NAME = AppIcon;
				ASSETCATALOG_COMPILER_GLOBAL_ACCENT_COLOR_NAME = AccentColor;
				CODE_SIGN_STYLE = Automatic;
				CURRENT_PROJECT_VERSION = 1;
				GENERATE_INFOPLIST_FILE = YES;
				INFOPLIST_FILE = RCSceneCallKitDemo/Info.plist;
				INFOPLIST_KEY_UIApplicationSupportsIndirectInputEvents = YES;
				INFOPLIST_KEY_UILaunchStoryboardName = LaunchScreen;
				INFOPLIST_KEY_UIMainStoryboardFile = Main;
				INFOPLIST_KEY_UISupportedInterfaceOrientations_iPad = "UIInterfaceOrientationPortrait UIInterfaceOrientationPortraitUpsideDown UIInterfaceOrientationLandscapeLeft UIInterfaceOrientationLandscapeRight";
				INFOPLIST_KEY_UISupportedInterfaceOrientations_iPhone = "UIInterfaceOrientationPortrait UIInterfaceOrientationLandscapeLeft UIInterfaceOrientationLandscapeRight";
				LD_RUNPATH_SEARCH_PATHS = (
					"$(inherited)",
					"@executable_path/Frameworks",
				);
				MARKETING_VERSION = 1.0;
				PRODUCT_BUNDLE_IDENTIFIER = cn.rcrtc.RCSceneCallKitDemo;
				PRODUCT_NAME = "$(TARGET_NAME)";
				SWIFT_EMIT_LOC_STRINGS = YES;
				SWIFT_VERSION = 5.0;
				TARGETED_DEVICE_FAMILY = "1,2";
			};
			name = Debug;
		};
		D735B23227E4B20100EF74B3 /* Release */ = {
			isa = XCBuildConfiguration;
			baseConfigurationReference = 092F4BFF5B1EED86314DB8DE /* Pods-RCSceneCallKitDemo.release.xcconfig */;
			buildSettings = {
				ASSETCATALOG_COMPILER_APPICON_NAME = AppIcon;
				ASSETCATALOG_COMPILER_GLOBAL_ACCENT_COLOR_NAME = AccentColor;
				CODE_SIGN_STYLE = Automatic;
				CURRENT_PROJECT_VERSION = 1;
				GENERATE_INFOPLIST_FILE = YES;
				INFOPLIST_FILE = RCSceneCallKitDemo/Info.plist;
				INFOPLIST_KEY_UIApplicationSupportsIndirectInputEvents = YES;
				INFOPLIST_KEY_UILaunchStoryboardName = LaunchScreen;
				INFOPLIST_KEY_UIMainStoryboardFile = Main;
				INFOPLIST_KEY_UISupportedInterfaceOrientations_iPad = "UIInterfaceOrientationPortrait UIInterfaceOrientationPortraitUpsideDown UIInterfaceOrientationLandscapeLeft UIInterfaceOrientationLandscapeRight";
				INFOPLIST_KEY_UISupportedInterfaceOrientations_iPhone = "UIInterfaceOrientationPortrait UIInterfaceOrientationLandscapeLeft UIInterfaceOrientationLandscapeRight";
				LD_RUNPATH_SEARCH_PATHS = (
					"$(inherited)",
					"@executable_path/Frameworks",
				);
				MARKETING_VERSION = 1.0;
				PRODUCT_BUNDLE_IDENTIFIER = cn.rcrtc.RCSceneCallKitDemo;
				PRODUCT_NAME = "$(TARGET_NAME)";
				SWIFT_EMIT_LOC_STRINGS = YES;
				SWIFT_VERSION = 5.0;
				TARGETED_DEVICE_FAMILY = "1,2";
			};
			name = Release;
		};
/* End XCBuildConfiguration section */

/* Begin XCConfigurationList section */
		D735B21727E4B1FF00EF74B3 /* Build configuration list for PBXProject "RCSceneCallKitDemo" */ = {
			isa = XCConfigurationList;
			buildConfigurations = (
				D735B22E27E4B20100EF74B3 /* Debug */,
				D735B22F27E4B20100EF74B3 /* Release */,
			);
			defaultConfigurationIsVisible = 0;
			defaultConfigurationName = Release;
		};
		D735B23027E4B20100EF74B3 /* Build configuration list for PBXNativeTarget "RCSceneCallKitDemo" */ = {
			isa = XCConfigurationList;
			buildConfigurations = (
				D735B23127E4B20100EF74B3 /* Debug */,
				D735B23227E4B20100EF74B3 /* Release */,
			);
			defaultConfigurationIsVisible = 0;
			defaultConfigurationName = Release;
		};
/* End XCConfigurationList section */
	};
	rootObject = D735B21427E4B1FF00EF74B3 /* Project object */;
}
